// !$*UTF8*$!
{
	archiveVersion = 1;
	classes = {
	};
	objectVersion = 50;
	objects = {

/* Begin PBXBuildFile section */
		F947A23A219DC1F5000E537D /* ImageCollectionViewCell.swift in Sources */ = {isa = PBXBuildFile; fileRef = F947A239219DC1F5000E537D /* ImageCollectionViewCell.swift */; };
		F947A23C219DC674000E537D /* RoundedImageView.swift in Sources */ = {isa = PBXBuildFile; fileRef = F947A23B219DC674000E537D /* RoundedImageView.swift */; };
		F947A243219DF1E1000E537D /* DataService.swift in Sources */ = {isa = PBXBuildFile; fileRef = F947A242219DF1E1000E537D /* DataService.swift */; };
		F947A245219DF1FA000E537D /* ImageModel.swift in Sources */ = {isa = PBXBuildFile; fileRef = F947A244219DF1FA000E537D /* ImageModel.swift */; };
		F947A247219DF841000E537D /* ImageDownloadService.swift in Sources */ = {isa = PBXBuildFile; fileRef = F947A246219DF841000E537D /* ImageDownloadService.swift */; };
		F947A249219E0B13000E537D /* PopImageVC.swift in Sources */ = {isa = PBXBuildFile; fileRef = F947A248219E0B13000E537D /* PopImageVC.swift */; };
		F9A3670C219DB783001469D8 /* AppDelegate.swift in Sources */ = {isa = PBXBuildFile; fileRef = F9A3670B219DB783001469D8 /* AppDelegate.swift */; };
		F9A3670E219DB783001469D8 /* AlbumViewController.swift in Sources */ = {isa = PBXBuildFile; fileRef = F9A3670D219DB783001469D8 /* AlbumViewController.swift */; };
		F9A36711219DB783001469D8 /* Main.storyboard in Resources */ = {isa = PBXBuildFile; fileRef = F9A3670F219DB783001469D8 /* Main.storyboard */; };
		F9A36713219DB784001469D8 /* Assets.xcassets in Resources */ = {isa = PBXBuildFile; fileRef = F9A36712219DB784001469D8 /* Assets.xcassets */; };
		F9A36716219DB784001469D8 /* LaunchScreen.storyboard in Resources */ = {isa = PBXBuildFile; fileRef = F9A36714219DB784001469D8 /* LaunchScreen.storyboard */; };
/* End PBXBuildFile section */

/* Begin PBXFileReference section */
		F947A239219DC1F5000E537D /* ImageCollectionViewCell.swift */ = {isa = PBXFileReference; lastKnownFileType = sourcecode.swift; path = ImageCollectionViewCell.swift; sourceTree = "<group>"; };
		F947A23B219DC674000E537D /* RoundedImageView.swift */ = {isa = PBXFileReference; lastKnownFileType = sourcecode.swift; path = RoundedImageView.swift; sourceTree = "<group>"; };
		F947A242219DF1E1000E537D /* DataService.swift */ = {isa = PBXFileReference; lastKnownFileType = sourcecode.swift; path = DataService.swift; sourceTree = "<group>"; };
		F947A244219DF1FA000E537D /* ImageModel.swift */ = {isa = PBXFileReference; lastKnownFileType = sourcecode.swift; path = ImageModel.swift; sourceTree = "<group>"; };
		F947A246219DF841000E537D /* ImageDownloadService.swift */ = {isa = PBXFileReference; lastKnownFileType = sourcecode.swift; path = ImageDownloadService.swift; sourceTree = "<group>"; };
		F947A248219E0B13000E537D /* PopImageVC.swift */ = {isa = PBXFileReference; lastKnownFileType = sourcecode.swift; path = PopImageVC.swift; sourceTree = "<group>"; };
		F9A36708219DB783001469D8 /* PhotoAlbumViewer.app */ = {isa = PBXFileReference; explicitFileType = wrapper.application; includeInIndex = 0; path = PhotoAlbumViewer.app; sourceTree = BUILT_PRODUCTS_DIR; };
		F9A3670B219DB783001469D8 /* AppDelegate.swift */ = {isa = PBXFileReference; lastKnownFileType = sourcecode.swift; path = AppDelegate.swift; sourceTree = "<group>"; };
		F9A3670D219DB783001469D8 /* AlbumViewController.swift */ = {isa = PBXFileReference; lastKnownFileType = sourcecode.swift; path = AlbumViewController.swift; sourceTree = "<group>"; };
		F9A36710219DB783001469D8 /* Base */ = {isa = PBXFileReference; lastKnownFileType = file.storyboard; name = Base; path = Base.lproj/Main.storyboard; sourceTree = "<group>"; };
		F9A36712219DB784001469D8 /* Assets.xcassets */ = {isa = PBXFileReference; lastKnownFileType = folder.assetcatalog; path = Assets.xcassets; sourceTree = "<group>"; };
		F9A36715219DB784001469D8 /* Base */ = {isa = PBXFileReference; lastKnownFileType = file.storyboard; name = Base; path = Base.lproj/LaunchScreen.storyboard; sourceTree = "<group>"; };
		F9A36717219DB784001469D8 /* Info.plist */ = {isa = PBXFileReference; lastKnownFileType = text.plist.xml; path = Info.plist; sourceTree = "<group>"; };
/* End PBXFileReference section */

/* Begin PBXFrameworksBuildPhase section */
		F9A36705219DB783001469D8 /* Frameworks */ = {
			isa = PBXFrameworksBuildPhase;
			buildActionMask = 2147483647;
			files = (
			);
			runOnlyForDeploymentPostprocessing = 0;
		};
/* End PBXFrameworksBuildPhase section */

/* Begin PBXGroup section */
		F947A23D219DD6F5000E537D /* Model */ = {
			isa = PBXGroup;
			children = (
				F947A244219DF1FA000E537D /* ImageModel.swift */,
			);
			path = Model;
			sourceTree = "<group>";
		};
		F947A23E219DD6FB000E537D /* View */ = {
			isa = PBXGroup;
			children = (
				F947A239219DC1F5000E537D /* ImageCollectionViewCell.swift */,
				F947A23B219DC674000E537D /* RoundedImageView.swift */,
			);
			path = View;
			sourceTree = "<group>";
		};
		F947A23F219DD700000E537D /* Controller */ = {
			isa = PBXGroup;
			children = (
				F9A3670D219DB783001469D8 /* AlbumViewController.swift */,
				F947A248219E0B13000E537D /* PopImageVC.swift */,
			);
			path = Controller;
			sourceTree = "<group>";
		};
		F947A240219DD706000E537D /* Services */ = {
			isa = PBXGroup;
			children = (
				F947A242219DF1E1000E537D /* DataService.swift */,
				F947A246219DF841000E537D /* ImageDownloadService.swift */,
			);
			path = Services;
			sourceTree = "<group>";
		};
		F947A241219DD730000E537D /* Support */ = {
			isa = PBXGroup;
			children = (
				F9A3670B219DB783001469D8 /* AppDelegate.swift */,
			);
			path = Support;
			sourceTree = "<group>";
		};
		F9A366FF219DB783001469D8 = {
			isa = PBXGroup;
			children = (
				F9A3670A219DB783001469D8 /* PhotoAlbumViewer */,
				F9A36709219DB783001469D8 /* Products */,
			);
			sourceTree = "<group>";
		};
		F9A36709219DB783001469D8 /* Products */ = {
			isa = PBXGroup;
			children = (
				F9A36708219DB783001469D8 /* PhotoAlbumViewer.app */,
			);
			name = Products;
			sourceTree = "<group>";
		};
		F9A3670A219DB783001469D8 /* PhotoAlbumViewer */ = {
			isa = PBXGroup;
			children = (
				F947A241219DD730000E537D /* Support */,
				F947A240219DD706000E537D /* Services */,
				F947A23F219DD700000E537D /* Controller */,
				F947A23E219DD6FB000E537D /* View */,
				F947A23D219DD6F5000E537D /* Model */,
				F9A3670F219DB783001469D8 /* Main.storyboard */,
				F9A36717219DB784001469D8 /* Info.plist */,
				F9A36714219DB784001469D8 /* LaunchScreen.storyboard */,
				F9A36712219DB784001469D8 /* Assets.xcassets */,
			);
			path = PhotoAlbumViewer;
			sourceTree = "<group>";
		};
/* End PBXGroup section */

/* Begin PBXNativeTarget section */
		F9A36707219DB783001469D8 /* PhotoAlbumViewer */ = {
			isa = PBXNativeTarget;
			buildConfigurationList = F9A3671A219DB784001469D8 /* Build configuration list for PBXNativeTarget "PhotoAlbumViewer" */;
			buildPhases = (
				F9A36704219DB783001469D8 /* Sources */,
				F9A36705219DB783001469D8 /* Frameworks */,
				F9A36706219DB783001469D8 /* Resources */,
			);
			buildRules = (
			);
			dependencies = (
			);
			name = PhotoAlbumViewer;
			productName = PhotoAlbumViewer;
			productReference = F9A36708219DB783001469D8 /* PhotoAlbumViewer.app */;
			productType = "com.apple.product-type.application";
		};
/* End PBXNativeTarget section */

/* Begin PBXProject section */
		F9A36700219DB783001469D8 /* Project object */ = {
			isa = PBXProject;
			attributes = {
				LastSwiftUpdateCheck = 1000;
				LastUpgradeCheck = 1000;
				ORGANIZATIONNAME = "George Sazonov";
				TargetAttributes = {
					F9A36707219DB783001469D8 = {
						CreatedOnToolsVersion = 10.0;
					};
				};
			};
			buildConfigurationList = F9A36703219DB783001469D8 /* Build configuration list for PBXProject "PhotoAlbumViewer" */;
			compatibilityVersion = "Xcode 9.3";
			developmentRegion = en;
			hasScannedForEncodings = 0;
			knownRegions = (
				en,
				Base,
			);
			mainGroup = F9A366FF219DB783001469D8;
			productRefGroup = F9A36709219DB783001469D8 /* Products */;
			projectDirPath = "";
			projectRoot = "";
			targets = (
				F9A36707219DB783001469D8 /* PhotoAlbumViewer */,
			);
		};
/* End PBXProject section */

/* Begin PBXResourcesBuildPhase section */
		F9A36706219DB783001469D8 /* Resources */ = {
			isa = PBXResourcesBuildPhase;
			buildActionMask = 2147483647;
			files = (
				F9A36716219DB784001469D8 /* LaunchScreen.storyboard in Resources */,
				F9A36713219DB784001469D8 /* Assets.xcassets in Resources */,
				F9A36711219DB783001469D8 /* Main.storyboard in Resources */,
			);
			runOnlyForDeploymentPostprocessing = 0;
		};
/* End PBXResourcesBuildPhase section */

/* Begin PBXSourcesBuildPhase section */
		F9A36704219DB783001469D8 /* Sources */ = {
			isa = PBXSourcesBuildPhase;
			buildActionMask = 2147483647;
			files = (
				F947A23C219DC674000E537D /* RoundedImageView.swift in Sources */,
				F947A245219DF1FA000E537D /* ImageModel.swift in Sources */,
				F9A3670E219DB783001469D8 /* AlbumViewController.swift in Sources */,
				F947A23A219DC1F5000E537D /* ImageCollectionViewCell.swift in Sources */,
				F9A3670C219DB783001469D8 /* AppDelegate.swift in Sources */,
				F947A247219DF841000E537D /* ImageDownloadService.swift in Sources */,
				F947A249219E0B13000E537D /* PopImageVC.swift in Sources */,
				F947A243219DF1E1000E537D /* DataService.swift in Sources */,
			);
			runOnlyForDeploymentPostprocessing = 0;
		};
/* End PBXSourcesBuildPhase section */

/* Begin PBXVariantGroup section */
		F9A3670F219DB783001469D8 /* Main.storyboard */ = {
			isa = PBXVariantGroup;
			children = (
				F9A36710219DB783001469D8 /* Base */,
			);
			name = Main.storyboard;
			sourceTree = "<group>";
		};
		F9A36714219DB784001469D8 /* LaunchScreen.storyboard */ = {
			isa = PBXVariantGroup;
			children = (
				F9A36715219DB784001469D8 /* Base */,
			);
			name = LaunchScreen.storyboard;
			sourceTree = "<group>";
		};
/* End PBXVariantGroup section */

/* Begin XCBuildConfiguration section */
		F9A36718219DB784001469D8 /* Debug */ = {
			isa = XCBuildConfiguration;
			buildSettings = {
				ALWAYS_SEARCH_USER_PATHS = NO;
				CLANG_ANALYZER_NONNULL = YES;
				CLANG_ANALYZER_NUMBER_OBJECT_CONVERSION = YES_AGGRESSIVE;
				CLANG_CXX_LANGUAGE_STANDARD = "gnu++14";
				CLANG_CXX_LIBRARY = "libc++";
				CLANG_ENABLE_MODULES = YES;
				CLANG_ENABLE_OBJC_ARC = YES;
				CLANG_ENABLE_OBJC_WEAK = YES;
				CLANG_WARN_BLOCK_CAPTURE_AUTORELEASING = YES;
				CLANG_WARN_BOOL_CONVERSION = YES;
				CLANG_WARN_COMMA = YES;
				CLANG_WARN_CONSTANT_CONVERSION = YES;
				CLANG_WARN_DEPRECATED_OBJC_IMPLEMENTATIONS = YES;
				CLANG_WARN_DIRECT_OBJC_ISA_USAGE = YES_ERROR;
				CLANG_WARN_DOCUMENTATION_COMMENTS = YES;
				CLANG_WARN_EMPTY_BODY = YES;
				CLANG_WARN_ENUM_CONVERSION = YES;
				CLANG_WARN_INFINITE_RECURSION = YES;
				CLANG_WARN_INT_CONVERSION = YES;
				CLANG_WARN_NON_LITERAL_NULL_CONVERSION = YES;
				CLANG_WARN_OBJC_IMPLICIT_RETAIN_SELF = YES;
				CLANG_WARN_OBJC_LITERAL_CONVERSION = YES;
				CLANG_WARN_OBJC_ROOT_CLASS = YES_ERROR;
				CLANG_WARN_RANGE_LOOP_ANALYSIS = YES;
				CLANG_WARN_STRICT_PROTOTYPES = YES;
				CLANG_WARN_SUSPICIOUS_MOVE = YES;
				CLANG_WARN_UNGUARDED_AVAILABILITY = YES_AGGRESSIVE;
				CLANG_WARN_UNREACHABLE_CODE = YES;
				CLANG_WARN__DUPLICATE_METHOD_MATCH = YES;
				CODE_SIGN_IDENTITY = "iPhone Developer";
				COPY_PHASE_STRIP = NO;
				DEBUG_INFORMATION_FORMAT = dwarf;
				ENABLE_STRICT_OBJC_MSGSEND = YES;
				ENABLE_TESTABILITY = YES;
				GCC_C_LANGUAGE_STANDARD = gnu11;
				GCC_DYNAMIC_NO_PIC = NO;
				GCC_NO_COMMON_BLOCKS = YES;
				GCC_OPTIMIZATION_LEVEL = 0;
				GCC_PREPROCESSOR_DEFINITIONS = (
					"DEBUG=1",
					"$(inherited)",
				);
				GCC_WARN_64_TO_32_BIT_CONVERSION = YES;
				GCC_WARN_ABOUT_RETURN_TYPE = YES_ERROR;
				GCC_WARN_UNDECLARED_SELECTOR = YES;
				GCC_WARN_UNINITIALIZED_AUTOS = YES_AGGRESSIVE;
				GCC_WARN_UNUSED_FUNCTION = YES;
				GCC_WARN_UNUSED_VARIABLE = YES;
				IPHONEOS_DEPLOYMENT_TARGET = 12.0;
				MTL_ENABLE_DEBUG_INFO = INCLUDE_SOURCE;
				MTL_FAST_MATH = YES;
				ONLY_ACTIVE_ARCH = YES;
				SDKROOT = iphoneos;
				SWIFT_ACTIVE_COMPILATION_CONDITIONS = DEBUG;
				SWIFT_OPTIMIZATION_LEVEL = "-Onone";
			};
			name = Debug;
		};
		F9A36719219DB784001469D8 /* Release */ = {
			isa = XCBuildConfiguration;
			buildSettings = {
				ALWAYS_SEARCH_USER_PATHS = NO;
				CLANG_ANALYZER_NONNULL = YES;
				CLANG_ANALYZER_NUMBER_OBJECT_CONVERSION = YES_AGGRESSIVE;
				CLANG_CXX_LANGUAGE_STANDARD = "gnu++14";
				CLANG_CXX_LIBRARY = "libc++";
				CLANG_ENABLE_MODULES = YES;
				CLANG_ENABLE_OBJC_ARC = YES;
				CLANG_ENABLE_OBJC_WEAK = YES;
				CLANG_WARN_BLOCK_CAPTURE_AUTORELEASING = YES;
				CLANG_WARN_BOOL_CONVERSION = YES;
				CLANG_WARN_COMMA = YES;
				CLANG_WARN_CONSTANT_CONVERSION = YES;
				CLANG_WARN_DEPRECATED_OBJC_IMPLEMENTATIONS = YES;
				CLANG_WARN_DIRECT_OBJC_ISA_USAGE = YES_ERROR;
				CLANG_WARN_DOCUMENTATION_COMMENTS = YES;
				CLANG_WARN_EMPTY_BODY = YES;
				CLANG_WARN_ENUM_CONVERSION = YES;
				CLANG_WARN_INFINITE_RECURSION = YES;
				CLANG_WARN_INT_CONVERSION = YES;
				CLANG_WARN_NON_LITERAL_NULL_CONVERSION = YES;
				CLANG_WARN_OBJC_IMPLICIT_RETAIN_SELF = YES;
				CLANG_WARN_OBJC_LITERAL_CONVERSION = YES;
				CLANG_WARN_OBJC_ROOT_CLASS = YES_ERROR;
				CLANG_WARN_RANGE_LOOP_ANALYSIS = YES;
				CLANG_WARN_STRICT_PROTOTYPES = YES;
				CLANG_WARN_SUSPICIOUS_MOVE = YES;
				CLANG_WARN_UNGUARDED_AVAILABILITY = YES_AGGRESSIVE;
				CLANG_WARN_UNREACHABLE_CODE = YES;
				CLANG_WARN__DUPLICATE_METHOD_MATCH = YES;
				CODE_SIGN_IDENTITY = "iPhone Developer";
				COPY_PHASE_STRIP = NO;
				DEBUG_INFORMATION_FORMAT = "dwarf-with-dsym";
				ENABLE_NS_ASSERTIONS = NO;
				ENABLE_STRICT_OBJC_MSGSEND = YES;
				GCC_C_LANGUAGE_STANDARD = gnu11;
				GCC_NO_COMMON_BLOCKS = YES;
				GCC_WARN_64_TO_32_BIT_CONVERSION = YES;
				GCC_WARN_ABOUT_RETURN_TYPE = YES_ERROR;
				GCC_WARN_UNDECLARED_SELECTOR = YES;
				GCC_WARN_UNINITIALIZED_AUTOS = YES_AGGRESSIVE;
				GCC_WARN_UNUSED_FUNCTION = YES;
				GCC_WARN_UNUSED_VARIABLE = YES;
				IPHONEOS_DEPLOYMENT_TARGET = 12.0;
				MTL_ENABLE_DEBUG_INFO = NO;
				MTL_FAST_MATH = YES;
				SDKROOT = iphoneos;
				SWIFT_COMPILATION_MODE = wholemodule;
				SWIFT_OPTIMIZATION_LEVEL = "-O";
				VALIDATE_PRODUCT = YES;
			};
			name = Release;
		};
		F9A3671B219DB784001469D8 /* Debug */ = {
			isa = XCBuildConfiguration;
			buildSettings = {
				ASSETCATALOG_COMPILER_APPICON_NAME = AppIcon;
				CODE_SIGN_STYLE = Automatic;
				DEVELOPMENT_TEAM = 2QD9NZV8MQ;
				INFOPLIST_FILE = PhotoAlbumViewer/Info.plist;
				LD_RUNPATH_SEARCH_PATHS = (
					"$(inherited)",
					"@executable_path/Frameworks",
				);
				PRODUCT_BUNDLE_IDENTIFIER = com.gsd.PhotoAlbumViewer;
				PRODUCT_NAME = "$(TARGET_NAME)";
				SWIFT_VERSION = 4.2;
				TARGETED_DEVICE_FAMILY = "1,2";
			};
			name = Debug;
		};
		F9A3671C219DB784001469D8 /* Release */ = {
			isa = XCBuildConfiguration;
			buildSettings = {
				ASSETCATALOG_COMPILER_APPICON_NAME = AppIcon;
				CODE_SIGN_STYLE = Automatic;
				DEVELOPMENT_TEAM = 2QD9NZV8MQ;
				INFOPLIST_FILE = PhotoAlbumViewer/Info.plist;
				LD_RUNPATH_SEARCH_PATHS = (
					"$(inherited)",
					"@executable_path/Frameworks",
				);
				PRODUCT_BUNDLE_IDENTIFIER = com.gsd.PhotoAlbumViewer;
				PRODUCT_NAME = "$(TARGET_NAME)";
				SWIFT_VERSION = 4.2;
				TARGETED_DEVICE_FAMILY = "1,2";
			};
			name = Release;
		};
/* End XCBuildConfiguration section */

/* Begin XCConfigurationList section */
		F9A36703219DB783001469D8 /* Build configuration list for PBXProject "PhotoAlbumViewer" */ = {
			isa = XCConfigurationList;
			buildConfigurations = (
				F9A36718219DB784001469D8 /* Debug */,
				F9A36719219DB784001469D8 /* Release */,
			);
			defaultConfigurationIsVisible = 0;
			defaultConfigurationName = Release;
		};
		F9A3671A219DB784001469D8 /* Build configuration list for PBXNativeTarget "PhotoAlbumViewer" */ = {
			isa = XCConfigurationList;
			buildConfigurations = (
				F9A3671B219DB784001469D8 /* Debug */,
				F9A3671C219DB784001469D8 /* Release */,
			);
			defaultConfigurationIsVisible = 0;
			defaultConfigurationName = Release;
		};
/* End XCConfigurationList section */
	};
	rootObject = F9A36700219DB783001469D8 /* Project object */;
}
